
Microsoft Visual Studio Solution File, Format Version 12.00
# Visual Studio Version 17
VisualStudioVersion = 17.4.33205.214
MinimumVisualStudioVersion = 10.0.40219.1
Project("{FAE04EC0-301F-11D3-BF4B-00C04F79EFBC}") = "UnitedKingdomPostcodeAPI", "UnitedKingdomPostcodeAPI\UnitedKingdomPostcodeAPI.csproj", "{EE8BF7BF-57AD-40C2-8B07-071D1550C3C9}"
EndProject
Global
	GlobalSection(SolutionConfigurationPlatforms) = preSolution
		Debug|Any CPU = Debug|Any CPU
		Release|Any CPU = Release|Any CPU
	EndGlobalSection
	GlobalSection(ProjectConfigurationPlatforms) = postSolution
		{EE8BF7BF-57AD-40C2-8B07-071D1550C3C9}.Debug|Any CPU.ActiveCfg = Debug|Any CPU
		{EE8BF7BF-57AD-40C2-8B07-071D1550C3C9}.Debug|Any CPU.Build.0 = Debug|Any CPU
		{EE8BF7BF-57AD-40C2-8B07-071D1550C3C9}.Release|Any CPU.ActiveCfg = Release|Any CPU
		{EE8BF7BF-57AD-40C2-8B07-071D1550C3C9}.Release|Any CPU.Build.0 = Release|Any CPU
	EndGlobalSection
	GlobalSection(SolutionProperties) = preSolution
		HideSolutionNode = FALSE
	EndGlobalSection
	GlobalSection(ExtensibilityGlobals) = postSolution
		SolutionGuid = {E66CA96E-EC85-4F1D-8AEB-17B310E7A6FF}
	EndGlobalSection
EndGlobal
